
Microsoft Visual Studio Solution File, Format Version 12.00
# Visual Studio Version 17
VisualStudioVersion = 17.10.35013.160
MinimumVisualStudioVersion = 10.0.40219.1
Project("{FAE04EC0-301F-11D3-BF4B-00C04F79EFBC}") = "MiddleWares", "MiddleWares\MiddleWares.csproj", "{783BD818-9242-4D8B-9131-015F7B7346A6}"
EndProject
Global
	GlobalSection(SolutionConfigurationPlatforms) = preSolution
		Debug|Any CPU = Debug|Any CPU
		Release|Any CPU = Release|Any CPU
	EndGlobalSection
	GlobalSection(ProjectConfigurationPlatforms) = postSolution
		{783BD818-9242-4D8B-9131-015F7B7346A6}.Debug|Any CPU.ActiveCfg = Debug|Any CPU
		{783BD818-9242-4D8B-9131-015F7B7346A6}.Debug|Any CPU.Build.0 = Debug|Any CPU
		{783BD818-9242-4D8B-9131-015F7B7346A6}.Release|Any CPU.ActiveCfg = Release|Any CPU
		{783BD818-9242-4D8B-9131-015F7B7346A6}.Release|Any CPU.Build.0 = Release|Any CPU
	EndGlobalSection
	GlobalSection(SolutionProperties) = preSolution
		HideSolutionNode = FALSE
	EndGlobalSection
	GlobalSection(ExtensibilityGlobals) = postSolution
		SolutionGuid = {A1E9DE25-EA1A-4A2A-B6C8-B91A4AE61446}
	EndGlobalSection
EndGlobal
